
Microsoft Visual Studio Solution File, Format Version 12.00
# Visual Studio Version 16
VisualStudioVersion = 16.0.31112.23
MinimumVisualStudioVersion = 10.0.40219.1
Project("{FAE04EC0-301F-11D3-BF4B-00C04F79EFBC}") = "BookApi_Project", "BookApi_Project\BookApi_Project.csproj", "{0C5C6D78-1A46-4526-9E4D-39A138337ABE}"
EndProject
Global
	GlobalSection(SolutionConfigurationPlatforms) = preSolution
		Debug|Any CPU = Debug|Any CPU
		Release|Any CPU = Release|Any CPU
	EndGlobalSection
	GlobalSection(ProjectConfigurationPlatforms) = postSolution
		{0C5C6D78-1A46-4526-9E4D-39A138337ABE}.Debug|Any CPU.ActiveCfg = Debug|Any CPU
		{0C5C6D78-1A46-4526-9E4D-39A138337ABE}.Debug|Any CPU.Build.0 = Debug|Any CPU
		{0C5C6D78-1A46-4526-9E4D-39A138337ABE}.Release|Any CPU.ActiveCfg = Release|Any CPU
		{0C5C6D78-1A46-4526-9E4D-39A138337ABE}.Release|Any CPU.Build.0 = Release|Any CPU
	EndGlobalSection
	GlobalSection(SolutionProperties) = preSolution
		HideSolutionNode = FALSE
	EndGlobalSection
	GlobalSection(ExtensibilityGlobals) = postSolution
		SolutionGuid = {CF8E95F5-CFDD-478F-AF29-5E6D4A2F133F}
	EndGlobalSection
EndGlobal
